
Microsoft Visual Studio Solution File, Format Version 12.00
# Visual Studio 15
Project("{FAE04EC0-301F-11D3-BF4B-00C04F79EFBC}") = "Assembly-CSharp", "Assembly-CSharp.csproj", "{CC81472D-6EC4-BBDD-751B-3B7C91F63620}"
EndProject
Project("{FAE04EC0-301F-11D3-BF4B-00C04F79EFBC}") = "Assembly-CSharp-Editor", "Assembly-CSharp-Editor.csproj", "{A79DBA64-CE30-20E3-B063-92E3BB49A103}"
EndProject
Global
	GlobalSection(SolutionConfigurationPlatforms) = preSolution
		Debug|Any CPU = Debug|Any CPU
		Release|Any CPU = Release|Any CPU
	EndGlobalSection
	GlobalSection(ProjectConfigurationPlatforms) = postSolution
		{CC81472D-6EC4-BBDD-751B-3B7C91F63620}.Debug|Any CPU.ActiveCfg = Debug|Any CPU
		{CC81472D-6EC4-BBDD-751B-3B7C91F63620}.Debug|Any CPU.Build.0 = Debug|Any CPU
		{CC81472D-6EC4-BBDD-751B-3B7C91F63620}.Release|Any CPU.ActiveCfg = Release|Any CPU
		{CC81472D-6EC4-BBDD-751B-3B7C91F63620}.Release|Any CPU.Build.0 = Release|Any CPU
		{A79DBA64-CE30-20E3-B063-92E3BB49A103}.Debug|Any CPU.ActiveCfg = Debug|Any CPU
		{A79DBA64-CE30-20E3-B063-92E3BB49A103}.Debug|Any CPU.Build.0 = Debug|Any CPU
		{A79DBA64-CE30-20E3-B063-92E3BB49A103}.Release|Any CPU.ActiveCfg = Release|Any CPU
		{A79DBA64-CE30-20E3-B063-92E3BB49A103}.Release|Any CPU.Build.0 = Release|Any CPU
	EndGlobalSection
	GlobalSection(SolutionProperties) = preSolution
		HideSolutionNode = FALSE
	EndGlobalSection
	GlobalSection(MonoDevelopProperties) = preSolution
		StartupItem = Assembly-CSharp.csproj
	EndGlobalSection
EndGlobal
