
Microsoft Visual Studio Solution File, Format Version 12.00
# Visual Studio 15
Project("{FAE04EC0-301F-11D3-BF4B-00C04F79EFBC}") = "Assembly-CSharp", "Assembly-CSharp.csproj", "{F7AC2DB4-7103-CB6E-FC57-974E69AE41BC}"
EndProject
Global
	GlobalSection(SolutionConfigurationPlatforms) = preSolution
		Debug|Any CPU = Debug|Any CPU
		Release|Any CPU = Release|Any CPU
	EndGlobalSection
	GlobalSection(ProjectConfigurationPlatforms) = postSolution
		{F7AC2DB4-7103-CB6E-FC57-974E69AE41BC}.Debug|Any CPU.ActiveCfg = Debug|Any CPU
		{F7AC2DB4-7103-CB6E-FC57-974E69AE41BC}.Debug|Any CPU.Build.0 = Debug|Any CPU
		{F7AC2DB4-7103-CB6E-FC57-974E69AE41BC}.Release|Any CPU.ActiveCfg = Release|Any CPU
		{F7AC2DB4-7103-CB6E-FC57-974E69AE41BC}.Release|Any CPU.Build.0 = Release|Any CPU
	EndGlobalSection
	GlobalSection(SolutionProperties) = preSolution
		HideSolutionNode = FALSE
	EndGlobalSection
EndGlobal
