
Microsoft Visual Studio Solution File, Format Version 12.00
# Visual Studio 15
Project("{FAE04EC0-301F-11D3-BF4B-00C04F79EFBC}") = "Assembly-CSharp-firstpass", "Assembly-CSharp-firstpass.csproj", "{28567F60-AFDA-A1C6-E925-A3DC87AA6135}"
EndProject
Project("{FAE04EC0-301F-11D3-BF4B-00C04F79EFBC}") = "VuforiaScripts", "VuforiaScripts.csproj", "{96D47554-BDA4-B136-CE98-4FF39EDC23E3}"
EndProject
Project("{FAE04EC0-301F-11D3-BF4B-00C04F79EFBC}") = "Assembly-CSharp", "Assembly-CSharp.csproj", "{F7AC2DB4-7103-CB6E-FC57-974E69AE41BC}"
EndProject
Project("{FAE04EC0-301F-11D3-BF4B-00C04F79EFBC}") = "Assembly-CSharp-Editor-firstpass", "Assembly-CSharp-Editor-firstpass.csproj", "{FA9845CD-6F79-6A83-56DD-0494371998C7}"
EndProject
Project("{FAE04EC0-301F-11D3-BF4B-00C04F79EFBC}") = "VuforiaEditorScripts", "VuforiaEditorScripts.csproj", "{4DF1E491-9B44-34D4-979B-DFA2A3763DE5}"
EndProject
Global
	GlobalSection(SolutionConfigurationPlatforms) = preSolution
		Debug|Any CPU = Debug|Any CPU
		Release|Any CPU = Release|Any CPU
	EndGlobalSection
	GlobalSection(ProjectConfigurationPlatforms) = postSolution
		{28567F60-AFDA-A1C6-E925-A3DC87AA6135}.Debug|Any CPU.ActiveCfg = Debug|Any CPU
		{28567F60-AFDA-A1C6-E925-A3DC87AA6135}.Debug|Any CPU.Build.0 = Debug|Any CPU
		{28567F60-AFDA-A1C6-E925-A3DC87AA6135}.Release|Any CPU.ActiveCfg = Release|Any CPU
		{28567F60-AFDA-A1C6-E925-A3DC87AA6135}.Release|Any CPU.Build.0 = Release|Any CPU
		{96D47554-BDA4-B136-CE98-4FF39EDC23E3}.Debug|Any CPU.ActiveCfg = Debug|Any CPU
		{96D47554-BDA4-B136-CE98-4FF39EDC23E3}.Debug|Any CPU.Build.0 = Debug|Any CPU
		{96D47554-BDA4-B136-CE98-4FF39EDC23E3}.Release|Any CPU.ActiveCfg = Release|Any CPU
		{96D47554-BDA4-B136-CE98-4FF39EDC23E3}.Release|Any CPU.Build.0 = Release|Any CPU
		{F7AC2DB4-7103-CB6E-FC57-974E69AE41BC}.Debug|Any CPU.ActiveCfg = Debug|Any CPU
		{F7AC2DB4-7103-CB6E-FC57-974E69AE41BC}.Debug|Any CPU.Build.0 = Debug|Any CPU
		{F7AC2DB4-7103-CB6E-FC57-974E69AE41BC}.Release|Any CPU.ActiveCfg = Release|Any CPU
		{F7AC2DB4-7103-CB6E-FC57-974E69AE41BC}.Release|Any CPU.Build.0 = Release|Any CPU
		{FA9845CD-6F79-6A83-56DD-0494371998C7}.Debug|Any CPU.ActiveCfg = Debug|Any CPU
		{FA9845CD-6F79-6A83-56DD-0494371998C7}.Debug|Any CPU.Build.0 = Debug|Any CPU
		{FA9845CD-6F79-6A83-56DD-0494371998C7}.Release|Any CPU.ActiveCfg = Release|Any CPU
		{FA9845CD-6F79-6A83-56DD-0494371998C7}.Release|Any CPU.Build.0 = Release|Any CPU
		{4DF1E491-9B44-34D4-979B-DFA2A3763DE5}.Debug|Any CPU.ActiveCfg = Debug|Any CPU
		{4DF1E491-9B44-34D4-979B-DFA2A3763DE5}.Debug|Any CPU.Build.0 = Debug|Any CPU
		{4DF1E491-9B44-34D4-979B-DFA2A3763DE5}.Release|Any CPU.ActiveCfg = Release|Any CPU
		{4DF1E491-9B44-34D4-979B-DFA2A3763DE5}.Release|Any CPU.Build.0 = Release|Any CPU
	EndGlobalSection
	GlobalSection(SolutionProperties) = preSolution
		HideSolutionNode = FALSE
	EndGlobalSection
EndGlobal
