
Microsoft Visual Studio Solution File, Format Version 11.00
# Visual Studio 2010
Project("{FAE04EC0-301F-11D3-BF4B-00C04F79EFBC}") = "Assembly-CSharp", "Assembly-CSharp.csproj", "{F86AB063-B6D4-68B1-DEBC-3764033ABB5C}"
EndProject
Project("{FAE04EC0-301F-11D3-BF4B-00C04F79EFBC}") = "Assembly-CSharp-Editor", "Assembly-CSharp-Editor.csproj", "{B25CFBF6-D712-56C5-4E87-B5598D9579C3}"
EndProject
Global
	GlobalSection(SolutionConfigurationPlatforms) = preSolution
		Debug|Any CPU = Debug|Any CPU
		Release|Any CPU = Release|Any CPU
	EndGlobalSection
	GlobalSection(ProjectConfigurationPlatforms) = postSolution
		{F86AB063-B6D4-68B1-DEBC-3764033ABB5C}.Debug|Any CPU.ActiveCfg = Debug|Any CPU
		{F86AB063-B6D4-68B1-DEBC-3764033ABB5C}.Debug|Any CPU.Build.0 = Debug|Any CPU
		{F86AB063-B6D4-68B1-DEBC-3764033ABB5C}.Release|Any CPU.ActiveCfg = Release|Any CPU
		{F86AB063-B6D4-68B1-DEBC-3764033ABB5C}.Release|Any CPU.Build.0 = Release|Any CPU
		{B25CFBF6-D712-56C5-4E87-B5598D9579C3}.Debug|Any CPU.ActiveCfg = Debug|Any CPU
		{B25CFBF6-D712-56C5-4E87-B5598D9579C3}.Debug|Any CPU.Build.0 = Debug|Any CPU
		{B25CFBF6-D712-56C5-4E87-B5598D9579C3}.Release|Any CPU.ActiveCfg = Release|Any CPU
		{B25CFBF6-D712-56C5-4E87-B5598D9579C3}.Release|Any CPU.Build.0 = Release|Any CPU
	EndGlobalSection
	GlobalSection(SolutionProperties) = preSolution
		HideSolutionNode = FALSE
	EndGlobalSection
	GlobalSection(MonoDevelopProperties) = preSolution
		StartupItem = Assembly-CSharp.csproj
	EndGlobalSection
EndGlobal
