
Microsoft Visual Studio Solution File, Format Version 12.00
# Visual Studio for Mac
Project("{FAE04EC0-301F-11D3-BF4B-00C04F79EFBC}") = "Unity-Technologies-unity-arkit-plugin", "Assembly-CSharp.csproj", "{D75EFFBB-2E69-B418-0C7A-4A5CEAFBE068}"
EndProject
Project("{FAE04EC0-301F-11D3-BF4B-00C04F79EFBC}") = "Unity-Technologies-unity-arkit-plugin", "Assembly-CSharp-Editor.csproj", "{BE8DDB6D-7554-2390-CD2A-DF2C67C53158}"
EndProject
Global
	GlobalSection(SolutionConfigurationPlatforms) = preSolution
		Debug|Any CPU = Debug|Any CPU
		Release|Any CPU = Release|Any CPU
	EndGlobalSection
	GlobalSection(ProjectConfigurationPlatforms) = postSolution
		{D75EFFBB-2E69-B418-0C7A-4A5CEAFBE068}.Debug|Any CPU.ActiveCfg = Debug|Any CPU
		{D75EFFBB-2E69-B418-0C7A-4A5CEAFBE068}.Debug|Any CPU.Build.0 = Debug|Any CPU
		{D75EFFBB-2E69-B418-0C7A-4A5CEAFBE068}.Release|Any CPU.ActiveCfg = Release|Any CPU
		{D75EFFBB-2E69-B418-0C7A-4A5CEAFBE068}.Release|Any CPU.Build.0 = Release|Any CPU
		{BE8DDB6D-7554-2390-CD2A-DF2C67C53158}.Debug|Any CPU.ActiveCfg = Debug|Any CPU
		{BE8DDB6D-7554-2390-CD2A-DF2C67C53158}.Debug|Any CPU.Build.0 = Debug|Any CPU
		{BE8DDB6D-7554-2390-CD2A-DF2C67C53158}.Release|Any CPU.ActiveCfg = Release|Any CPU
		{BE8DDB6D-7554-2390-CD2A-DF2C67C53158}.Release|Any CPU.Build.0 = Release|Any CPU
	EndGlobalSection
	GlobalSection(SolutionProperties) = preSolution
		HideSolutionNode = FALSE
	EndGlobalSection
EndGlobal
